// !$*UTF8*$!
{
	archiveVersion = 1;
	classes = {
	};
	objectVersion = 46;
	objects = {

/* Begin PBXBuildFile section */
		18C658D91947F7DF009FED8D /* main.m in Sources */ = {isa = PBXBuildFile; fileRef = 18C658D81947F7DF009FED8D /* main.m */; };
		18C658DC1947F7DF009FED8D /* AppDelegate.m in Sources */ = {isa = PBXBuildFile; fileRef = 18C658DB1947F7DF009FED8D /* AppDelegate.m */; };
		18C658DE1947F7DF009FED8D /* Shader.fsh in Resources */ = {isa = PBXBuildFile; fileRef = 18C658DD1947F7DF009FED8D /* Shader.fsh */; };
		18C658E01947F7DF009FED8D /* Shader.vsh in Resources */ = {isa = PBXBuildFile; fileRef = 18C658DF1947F7DF009FED8D /* Shader.vsh */; };
		18C658E31947F7DF009FED8D /* GameViewController.m in Sources */ = {isa = PBXBuildFile; fileRef = 18C658E21947F7DF009FED8D /* GameViewController.m */; };
		18C658E61947F7DF009FED8D /* Main.storyboard in Resources */ = {isa = PBXBuildFile; fileRef = 18C658E41947F7DF009FED8D /* Main.storyboard */; };
		18C658E81947F7DF009FED8D /* Images.xcassets in Resources */ = {isa = PBXBuildFile; fileRef = 18C658E71947F7DF009FED8D /* Images.xcassets */; };
		18C658F41947F7DF009FED8D /* DotAGridMobileTests.m in Sources */ = {isa = PBXBuildFile; fileRef = 18C658F31947F7DF009FED8D /* DotAGridMobileTests.m */; };
		18C659001947F837009FED8D /* Character.swift in Sources */ = {isa = PBXBuildFile; fileRef = 18C658FF1947F837009FED8D /* Character.swift */; };
		18C659021947F8B7009FED8D /* Hero.swift in Sources */ = {isa = PBXBuildFile; fileRef = 18C659011947F8B7009FED8D /* Hero.swift */; };
		18C659041947F8C4009FED8D /* Drawable.swift in Sources */ = {isa = PBXBuildFile; fileRef = 18C659031947F8C4009FED8D /* Drawable.swift */; };
		18C659071947F8EC009FED8D /* ExtensionEngine.swift in Sources */ = {isa = PBXBuildFile; fileRef = 18C659061947F8EC009FED8D /* ExtensionEngine.swift */; };
		18C659091947F921009FED8D /* ExtensionInterface.swift in Sources */ = {isa = PBXBuildFile; fileRef = 18C659081947F921009FED8D /* ExtensionInterface.swift */; };
		18C6590B1947F931009FED8D /* GameLogicManager.swift in Sources */ = {isa = PBXBuildFile; fileRef = 18C6590A1947F931009FED8D /* GameLogicManager.swift */; };
		18C6590D1947F966009FED8D /* Item.swift in Sources */ = {isa = PBXBuildFile; fileRef = 18C6590C1947F966009FED8D /* Item.swift */; };
/* End PBXBuildFile section */

/* Begin PBXContainerItemProxy section */
		18C658EE1947F7DF009FED8D /* PBXContainerItemProxy */ = {
			isa = PBXContainerItemProxy;
			containerPortal = 18C658CB1947F7DF009FED8D /* Project object */;
			proxyType = 1;
			remoteGlobalIDString = 18C658D21947F7DF009FED8D;
			remoteInfo = DotAGridMobile;
		};
/* End PBXContainerItemProxy section */

/* Begin PBXFileReference section */
		18C658D31947F7DF009FED8D /* DotAGridMobile.app */ = {isa = PBXFileReference; explicitFileType = wrapper.application; includeInIndex = 0; path = DotAGridMobile.app; sourceTree = BUILT_PRODUCTS_DIR; };
		18C658D71947F7DF009FED8D /* Info.plist */ = {isa = PBXFileReference; lastKnownFileType = text.plist.xml; path = Info.plist; sourceTree = "<group>"; };
		18C658D81947F7DF009FED8D /* main.m */ = {isa = PBXFileReference; lastKnownFileType = sourcecode.c.objc; path = main.m; sourceTree = "<group>"; };
		18C658DA1947F7DF009FED8D /* AppDelegate.h */ = {isa = PBXFileReference; lastKnownFileType = sourcecode.c.h; path = AppDelegate.h; sourceTree = "<group>"; };
		18C658DB1947F7DF009FED8D /* AppDelegate.m */ = {isa = PBXFileReference; lastKnownFileType = sourcecode.c.objc; path = AppDelegate.m; sourceTree = "<group>"; };
		18C658DD1947F7DF009FED8D /* Shader.fsh */ = {isa = PBXFileReference; lastKnownFileType = sourcecode.glsl; name = Shader.fsh; path = Shaders/Shader.fsh; sourceTree = "<group>"; };
		18C658DF1947F7DF009FED8D /* Shader.vsh */ = {isa = PBXFileReference; lastKnownFileType = sourcecode.glsl; name = Shader.vsh; path = Shaders/Shader.vsh; sourceTree = "<group>"; };
		18C658E11947F7DF009FED8D /* GameViewController.h */ = {isa = PBXFileReference; lastKnownFileType = sourcecode.c.h; path = GameViewController.h; sourceTree = "<group>"; };
		18C658E21947F7DF009FED8D /* GameViewController.m */ = {isa = PBXFileReference; lastKnownFileType = sourcecode.c.objc; path = GameViewController.m; sourceTree = "<group>"; };
		18C658E51947F7DF009FED8D /* Base */ = {isa = PBXFileReference; lastKnownFileType = file.storyboard; name = Base; path = Base.lproj/Main.storyboard; sourceTree = "<group>"; };
		18C658E71947F7DF009FED8D /* Images.xcassets */ = {isa = PBXFileReference; lastKnownFileType = folder.assetcatalog; path = Images.xcassets; sourceTree = "<group>"; };
		18C658ED1947F7DF009FED8D /* DotAGridMobileTests.xctest */ = {isa = PBXFileReference; explicitFileType = wrapper.cfbundle; includeInIndex = 0; path = DotAGridMobileTests.xctest; sourceTree = BUILT_PRODUCTS_DIR; };
		18C658F21947F7DF009FED8D /* Info.plist */ = {isa = PBXFileReference; lastKnownFileType = text.plist.xml; path = Info.plist; sourceTree = "<group>"; };
		18C658F31947F7DF009FED8D /* DotAGridMobileTests.m */ = {isa = PBXFileReference; lastKnownFileType = sourcecode.c.objc; path = DotAGridMobileTests.m; sourceTree = "<group>"; };
		18C658FE1947F837009FED8D /* DotAGridMobile-Bridging-Header.h */ = {isa = PBXFileReference; lastKnownFileType = sourcecode.c.h; path = "DotAGridMobile-Bridging-Header.h"; sourceTree = "<group>"; };
		18C658FF1947F837009FED8D /* Character.swift */ = {isa = PBXFileReference; fileEncoding = 4; lastKnownFileType = sourcecode.swift; path = Character.swift; sourceTree = "<group>"; };
		18C659011947F8B7009FED8D /* Hero.swift */ = {isa = PBXFileReference; fileEncoding = 4; lastKnownFileType = sourcecode.swift; path = Hero.swift; sourceTree = "<group>"; };
		18C659031947F8C4009FED8D /* Drawable.swift */ = {isa = PBXFileReference; fileEncoding = 4; lastKnownFileType = sourcecode.swift; path = Drawable.swift; sourceTree = "<group>"; };
		18C659061947F8EC009FED8D /* ExtensionEngine.swift */ = {isa = PBXFileReference; fileEncoding = 4; lastKnownFileType = sourcecode.swift; path = ExtensionEngine.swift; sourceTree = "<group>"; };
		18C659081947F921009FED8D /* ExtensionInterface.swift */ = {isa = PBXFileReference; fileEncoding = 4; lastKnownFileType = sourcecode.swift; path = ExtensionInterface.swift; sourceTree = "<group>"; };
		18C6590A1947F931009FED8D /* GameLogicManager.swift */ = {isa = PBXFileReference; fileEncoding = 4; lastKnownFileType = sourcecode.swift; path = GameLogicManager.swift; sourceTree = "<group>"; };
		18C6590C1947F966009FED8D /* Item.swift */ = {isa = PBXFileReference; fileEncoding = 4; lastKnownFileType = sourcecode.swift; path = Item.swift; sourceTree = "<group>"; };
/* End PBXFileReference section */

/* Begin PBXFrameworksBuildPhase section */
		18C658D01947F7DF009FED8D /* Frameworks */ = {
			isa = PBXFrameworksBuildPhase;
			buildActionMask = 2147483647;
			files = (
			);
			runOnlyForDeploymentPostprocessing = 0;
		};
		18C658EA1947F7DF009FED8D /* Frameworks */ = {
			isa = PBXFrameworksBuildPhase;
			buildActionMask = 2147483647;
			files = (
			);
			runOnlyForDeploymentPostprocessing = 0;
		};
/* End PBXFrameworksBuildPhase section */

/* Begin PBXGroup section */
		18C658CA1947F7DF009FED8D = {
			isa = PBXGroup;
			children = (
				18C658D51947F7DF009FED8D /* DotAGridMobile */,
				18C658F01947F7DF009FED8D /* DotAGridMobileTests */,
				18C658D41947F7DF009FED8D /* Products */,
			);
			sourceTree = "<group>";
		};
		18C658D41947F7DF009FED8D /* Products */ = {
			isa = PBXGroup;
			children = (
				18C658D31947F7DF009FED8D /* DotAGridMobile.app */,
				18C658ED1947F7DF009FED8D /* DotAGridMobileTests.xctest */,
			);
			name = Products;
			sourceTree = "<group>";
		};
		18C658D51947F7DF009FED8D /* DotAGridMobile */ = {
			isa = PBXGroup;
			children = (
				18C659051947F8E2009FED8D /* Extension */,
				18C658FE1947F837009FED8D /* DotAGridMobile-Bridging-Header.h */,
				18C658FD1947F81B009FED8D /* Logic */,
				18C658DA1947F7DF009FED8D /* AppDelegate.h */,
				18C658DB1947F7DF009FED8D /* AppDelegate.m */,
				18C658DD1947F7DF009FED8D /* Shader.fsh */,
				18C658DF1947F7DF009FED8D /* Shader.vsh */,
				18C658E11947F7DF009FED8D /* GameViewController.h */,
				18C658E21947F7DF009FED8D /* GameViewController.m */,
				18C658E41947F7DF009FED8D /* Main.storyboard */,
				18C658E71947F7DF009FED8D /* Images.xcassets */,
				18C658D61947F7DF009FED8D /* Supporting Files */,
			);
			path = DotAGridMobile;
			sourceTree = "<group>";
		};
		18C658D61947F7DF009FED8D /* Supporting Files */ = {
			isa = PBXGroup;
			children = (
				18C658D71947F7DF009FED8D /* Info.plist */,
				18C658D81947F7DF009FED8D /* main.m */,
			);
			name = "Supporting Files";
			sourceTree = "<group>";
		};
		18C658F01947F7DF009FED8D /* DotAGridMobileTests */ = {
			isa = PBXGroup;
			children = (
				18C658F31947F7DF009FED8D /* DotAGridMobileTests.m */,
				18C658F11947F7DF009FED8D /* Supporting Files */,
			);
			path = DotAGridMobileTests;
			sourceTree = "<group>";
		};
		18C658F11947F7DF009FED8D /* Supporting Files */ = {
			isa = PBXGroup;
			children = (
				18C658F21947F7DF009FED8D /* Info.plist */,
			);
			name = "Supporting Files";
			sourceTree = "<group>";
		};
		18C658FD1947F81B009FED8D /* Logic */ = {
			isa = PBXGroup;
			children = (
				18C658FF1947F837009FED8D /* Character.swift */,
				18C659011947F8B7009FED8D /* Hero.swift */,
				18C659031947F8C4009FED8D /* Drawable.swift */,
				18C6590A1947F931009FED8D /* GameLogicManager.swift */,
				18C6590C1947F966009FED8D /* Item.swift */,
			);
			name = Logic;
			sourceTree = "<group>";
		};
		18C659051947F8E2009FED8D /* Extension */ = {
			isa = PBXGroup;
			children = (
				18C659061947F8EC009FED8D /* ExtensionEngine.swift */,
				18C659081947F921009FED8D /* ExtensionInterface.swift */,
			);
			name = Extension;
			sourceTree = "<group>";
		};
/* End PBXGroup section */

/* Begin PBXNativeTarget section */
		18C658D21947F7DF009FED8D /* DotAGridMobile */ = {
			isa = PBXNativeTarget;
			buildConfigurationList = 18C658F71947F7DF009FED8D /* Build configuration list for PBXNativeTarget "DotAGridMobile" */;
			buildPhases = (
				18C658CF1947F7DF009FED8D /* Sources */,
				18C658D01947F7DF009FED8D /* Frameworks */,
				18C658D11947F7DF009FED8D /* Resources */,
			);
			buildRules = (
			);
			dependencies = (
			);
			name = DotAGridMobile;
			productName = DotAGridMobile;
			productReference = 18C658D31947F7DF009FED8D /* DotAGridMobile.app */;
			productType = "com.apple.product-type.application";
		};
		18C658EC1947F7DF009FED8D /* DotAGridMobileTests */ = {
			isa = PBXNativeTarget;
			buildConfigurationList = 18C658FA1947F7DF009FED8D /* Build configuration list for PBXNativeTarget "DotAGridMobileTests" */;
			buildPhases = (
				18C658E91947F7DF009FED8D /* Sources */,
				18C658EA1947F7DF009FED8D /* Frameworks */,
				18C658EB1947F7DF009FED8D /* Resources */,
			);
			buildRules = (
			);
			dependencies = (
				18C658EF1947F7DF009FED8D /* PBXTargetDependency */,
			);
			name = DotAGridMobileTests;
			productName = DotAGridMobileTests;
			productReference = 18C658ED1947F7DF009FED8D /* DotAGridMobileTests.xctest */;
			productType = "com.apple.product-type.bundle.unit-test";
		};
/* End PBXNativeTarget section */

/* Begin PBXProject section */
		18C658CB1947F7DF009FED8D /* Project object */ = {
			isa = PBXProject;
			attributes = {
				LastUpgradeCheck = 0600;
				ORGANIZATIONNAME = NUS;
				TargetAttributes = {
					18C658D21947F7DF009FED8D = {
						CreatedOnToolsVersion = 6.0;
					};
					18C658EC1947F7DF009FED8D = {
						CreatedOnToolsVersion = 6.0;
						TestTargetID = 18C658D21947F7DF009FED8D;
					};
				};
			};
			buildConfigurationList = 18C658CE1947F7DF009FED8D /* Build configuration list for PBXProject "DotAGridMobile" */;
			compatibilityVersion = "Xcode 3.2";
			developmentRegion = English;
			hasScannedForEncodings = 0;
			knownRegions = (
				en,
				Base,
			);
			mainGroup = 18C658CA1947F7DF009FED8D;
			productRefGroup = 18C658D41947F7DF009FED8D /* Products */;
			projectDirPath = "";
			projectRoot = "";
			targets = (
				18C658D21947F7DF009FED8D /* DotAGridMobile */,
				18C658EC1947F7DF009FED8D /* DotAGridMobileTests */,
			);
		};
/* End PBXProject section */

/* Begin PBXResourcesBuildPhase section */
		18C658D11947F7DF009FED8D /* Resources */ = {
			isa = PBXResourcesBuildPhase;
			buildActionMask = 2147483647;
			files = (
				18C658E61947F7DF009FED8D /* Main.storyboard in Resources */,
				18C658E81947F7DF009FED8D /* Images.xcassets in Resources */,
				18C658E01947F7DF009FED8D /* Shader.vsh in Resources */,
				18C658DE1947F7DF009FED8D /* Shader.fsh in Resources */,
			);
			runOnlyForDeploymentPostprocessing = 0;
		};
		18C658EB1947F7DF009FED8D /* Resources */ = {
			isa = PBXResourcesBuildPhase;
			buildActionMask = 2147483647;
			files = (
			);
			runOnlyForDeploymentPostprocessing = 0;
		};
/* End PBXResourcesBuildPhase section */

/* Begin PBXSourcesBuildPhase section */
		18C658CF1947F7DF009FED8D /* Sources */ = {
			isa = PBXSourcesBuildPhase;
			buildActionMask = 2147483647;
			files = (
				18C6590D1947F966009FED8D /* Item.swift in Sources */,
				18C659021947F8B7009FED8D /* Hero.swift in Sources */,
				18C659091947F921009FED8D /* ExtensionInterface.swift in Sources */,
				18C658DC1947F7DF009FED8D /* AppDelegate.m in Sources */,
				18C658E31947F7DF009FED8D /* GameViewController.m in Sources */,
				18C6590B1947F931009FED8D /* GameLogicManager.swift in Sources */,
				18C659041947F8C4009FED8D /* Drawable.swift in Sources */,
				18C658D91947F7DF009FED8D /* main.m in Sources */,
				18C659071947F8EC009FED8D /* ExtensionEngine.swift in Sources */,
				18C659001947F837009FED8D /* Character.swift in Sources */,
			);
			runOnlyForDeploymentPostprocessing = 0;
		};
		18C658E91947F7DF009FED8D /* Sources */ = {
			isa = PBXSourcesBuildPhase;
			buildActionMask = 2147483647;
			files = (
				18C658F41947F7DF009FED8D /* DotAGridMobileTests.m in Sources */,
			);
			runOnlyForDeploymentPostprocessing = 0;
		};
/* End PBXSourcesBuildPhase section */

/* Begin PBXTargetDependency section */
		18C658EF1947F7DF009FED8D /* PBXTargetDependency */ = {
			isa = PBXTargetDependency;
			target = 18C658D21947F7DF009FED8D /* DotAGridMobile */;
			targetProxy = 18C658EE1947F7DF009FED8D /* PBXContainerItemProxy */;
		};
/* End PBXTargetDependency section */

/* Begin PBXVariantGroup section */
		18C658E41947F7DF009FED8D /* Main.storyboard */ = {
			isa = PBXVariantGroup;
			children = (
				18C658E51947F7DF009FED8D /* Base */,
			);
			name = Main.storyboard;
			sourceTree = "<group>";
		};
/* End PBXVariantGroup section */

/* Begin XCBuildConfiguration section */
		18C658F51947F7DF009FED8D /* Debug */ = {
			isa = XCBuildConfiguration;
			buildSettings = {
				ALWAYS_SEARCH_USER_PATHS = NO;
				CLANG_CXX_LANGUAGE_STANDARD = "gnu++0x";
				CLANG_CXX_LIBRARY = "libc++";
				CLANG_ENABLE_MODULES = YES;
				CLANG_ENABLE_OBJC_ARC = YES;
				CLANG_WARN_BOOL_CONVERSION = YES;
				CLANG_WARN_CONSTANT_CONVERSION = YES;
				CLANG_WARN_DIRECT_OBJC_ISA_USAGE = YES_ERROR;
				CLANG_WARN_EMPTY_BODY = YES;
				CLANG_WARN_ENUM_CONVERSION = YES;
				CLANG_WARN_INT_CONVERSION = YES;
				CLANG_WARN_OBJC_ROOT_CLASS = YES_ERROR;
				CLANG_WARN_UNREACHABLE_CODE = YES;
				CLANG_WARN__DUPLICATE_METHOD_MATCH = YES;
				"CODE_SIGN_IDENTITY[sdk=iphoneos*]" = "iPhone Developer";
				COPY_PHASE_STRIP = NO;
				ENABLE_STRICT_OBJC_MSGSEND = YES;
				GCC_C_LANGUAGE_STANDARD = gnu99;
				GCC_DYNAMIC_NO_PIC = NO;
				GCC_OPTIMIZATION_LEVEL = 0;
				GCC_PREPROCESSOR_DEFINITIONS = (
					"DEBUG=1",
					"$(inherited)",
				);
				GCC_SYMBOLS_PRIVATE_EXTERN = NO;
				GCC_WARN_64_TO_32_BIT_CONVERSION = YES;
				GCC_WARN_ABOUT_RETURN_TYPE = YES_ERROR;
				GCC_WARN_UNDECLARED_SELECTOR = YES;
				GCC_WARN_UNINITIALIZED_AUTOS = YES_AGGRESSIVE;
				GCC_WARN_UNUSED_FUNCTION = YES;
				GCC_WARN_UNUSED_VARIABLE = YES;
				IPHONEOS_DEPLOYMENT_TARGET = 8.0;
				METAL_ENABLE_DEBUG_INFO = YES;
				ONLY_ACTIVE_ARCH = YES;
				SDKROOT = iphoneos;
				TARGETED_DEVICE_FAMILY = "1,2";
			};
			name = Debug;
		};
		18C658F61947F7DF009FED8D /* Release */ = {
			isa = XCBuildConfiguration;
			buildSettings = {
				ALWAYS_SEARCH_USER_PATHS = NO;
				CLANG_CXX_LANGUAGE_STANDARD = "gnu++0x";
				CLANG_CXX_LIBRARY = "libc++";
				CLANG_ENABLE_MODULES = YES;
				CLANG_ENABLE_OBJC_ARC = YES;
				CLANG_WARN_BOOL_CONVERSION = YES;
				CLANG_WARN_CONSTANT_CONVERSION = YES;
				CLANG_WARN_DIRECT_OBJC_ISA_USAGE = YES_ERROR;
				CLANG_WARN_EMPTY_BODY = YES;
				CLANG_WARN_ENUM_CONVERSION = YES;
				CLANG_WARN_INT_CONVERSION = YES;
				CLANG_WARN_OBJC_ROOT_CLASS = YES_ERROR;
				CLANG_WARN_UNREACHABLE_CODE = YES;
				CLANG_WARN__DUPLICATE_METHOD_MATCH = YES;
				"CODE_SIGN_IDENTITY[sdk=iphoneos*]" = "iPhone Developer";
				COPY_PHASE_STRIP = YES;
				ENABLE_NS_ASSERTIONS = NO;
				ENABLE_STRICT_OBJC_MSGSEND = YES;
				GCC_C_LANGUAGE_STANDARD = gnu99;
				GCC_WARN_64_TO_32_BIT_CONVERSION = YES;
				GCC_WARN_ABOUT_RETURN_TYPE = YES_ERROR;
				GCC_WARN_UNDECLARED_SELECTOR = YES;
				GCC_WARN_UNINITIALIZED_AUTOS = YES_AGGRESSIVE;
				GCC_WARN_UNUSED_FUNCTION = YES;
				GCC_WARN_UNUSED_VARIABLE = YES;
				IPHONEOS_DEPLOYMENT_TARGET = 8.0;
				METAL_ENABLE_DEBUG_INFO = NO;
				SDKROOT = iphoneos;
				TARGETED_DEVICE_FAMILY = "1,2";
				VALIDATE_PRODUCT = YES;
			};
			name = Release;
		};
		18C658F81947F7DF009FED8D /* Debug */ = {
			isa = XCBuildConfiguration;
			buildSettings = {
				ASSETCATALOG_COMPILER_APPICON_NAME = AppIcon;
				ASSETCATALOG_COMPILER_LAUNCHIMAGE_NAME = LaunchImage;
				CLANG_ENABLE_MODULES = YES;
				INFOPLIST_FILE = DotAGridMobile/Info.plist;
				LD_RUNPATH_SEARCH_PATHS = "$(inherited) @executable_path/Frameworks";
				PRODUCT_NAME = "$(TARGET_NAME)";
				SWIFT_OBJC_BRIDGING_HEADER = "DotAGridMobile/DotAGridMobile-Bridging-Header.h";
				SWIFT_OPTIMIZATION_LEVEL = "-Onone";
			};
			name = Debug;
		};
		18C658F91947F7DF009FED8D /* Release */ = {
			isa = XCBuildConfiguration;
			buildSettings = {
				ASSETCATALOG_COMPILER_APPICON_NAME = AppIcon;
				ASSETCATALOG_COMPILER_LAUNCHIMAGE_NAME = LaunchImage;
				CLANG_ENABLE_MODULES = YES;
				INFOPLIST_FILE = DotAGridMobile/Info.plist;
				LD_RUNPATH_SEARCH_PATHS = "$(inherited) @executable_path/Frameworks";
				PRODUCT_NAME = "$(TARGET_NAME)";
				SWIFT_OBJC_BRIDGING_HEADER = "DotAGridMobile/DotAGridMobile-Bridging-Header.h";
			};
			name = Release;
		};
		18C658FB1947F7DF009FED8D /* Debug */ = {
			isa = XCBuildConfiguration;
			buildSettings = {
				BUNDLE_LOADER = "$(BUILT_PRODUCTS_DIR)/DotAGridMobile.app/DotAGridMobile";
				FRAMEWORK_SEARCH_PATHS = (
					"$(SDKROOT)/Developer/Library/Frameworks",
					"$(inherited)",
				);
				GCC_PREPROCESSOR_DEFINITIONS = (
					"DEBUG=1",
					"$(inherited)",
				);
				INFOPLIST_FILE = DotAGridMobileTests/Info.plist;
				LD_RUNPATH_SEARCH_PATHS = "$(inherited) @executable_path/Frameworks @loader_path/Frameworks";
				METAL_ENABLE_DEBUG_INFO = YES;
				PRODUCT_NAME = "$(TARGET_NAME)";
				TEST_HOST = "$(BUNDLE_LOADER)";
			};
			name = Debug;
		};
		18C658FC1947F7DF009FED8D /* Release */ = {
			isa = XCBuildConfiguration;
			buildSettings = {
				BUNDLE_LOADER = "$(BUILT_PRODUCTS_DIR)/DotAGridMobile.app/DotAGridMobile";
				FRAMEWORK_SEARCH_PATHS = (
					"$(SDKROOT)/Developer/Library/Frameworks",
					"$(inherited)",
				);
				INFOPLIST_FILE = DotAGridMobileTests/Info.plist;
				LD_RUNPATH_SEARCH_PATHS = "$(inherited) @executable_path/Frameworks @loader_path/Frameworks";
				METAL_ENABLE_DEBUG_INFO = NO;
				PRODUCT_NAME = "$(TARGET_NAME)";
				TEST_HOST = "$(BUNDLE_LOADER)";
			};
			name = Release;
		};
/* End XCBuildConfiguration section */

/* Begin XCConfigurationList section */
		18C658CE1947F7DF009FED8D /* Build configuration list for PBXProject "DotAGridMobile" */ = {
			isa = XCConfigurationList;
			buildConfigurations = (
				18C658F51947F7DF009FED8D /* Debug */,
				18C658F61947F7DF009FED8D /* Release */,
			);
			defaultConfigurationIsVisible = 0;
			defaultConfigurationName = Release;
		};
		18C658F71947F7DF009FED8D /* Build configuration list for PBXNativeTarget "DotAGridMobile" */ = {
			isa = XCConfigurationList;
			buildConfigurations = (
				18C658F81947F7DF009FED8D /* Debug */,
				18C658F91947F7DF009FED8D /* Release */,
			);
			defaultConfigurationIsVisible = 0;
		};
		18C658FA1947F7DF009FED8D /* Build configuration list for PBXNativeTarget "DotAGridMobileTests" */ = {
			isa = XCConfigurationList;
			buildConfigurations = (
				18C658FB1947F7DF009FED8D /* Debug */,
				18C658FC1947F7DF009FED8D /* Release */,
			);
			defaultConfigurationIsVisible = 0;
		};
/* End XCConfigurationList section */
	};
	rootObject = 18C658CB1947F7DF009FED8D /* Project object */;
}
